// !$*UTF8*$!
{
	archiveVersion = 1;
	classes = {
	};
	objectVersion = 46;
	objects = {

/* Begin PBXBuildFile section */
		EA4A35491EF2BA1600177085 /* AppDelegate.swift in Sources */ = {isa = PBXBuildFile; fileRef = EA4A35481EF2BA1600177085 /* AppDelegate.swift */; };
		EA4A354B1EF2BA1600177085 /* ViewController.swift in Sources */ = {isa = PBXBuildFile; fileRef = EA4A354A1EF2BA1600177085 /* ViewController.swift */; };
		EA4A354E1EF2BA1600177085 /* Main.storyboard in Resources */ = {isa = PBXBuildFile; fileRef = EA4A354C1EF2BA1600177085 /* Main.storyboard */; };
		EA4A35501EF2BA1600177085 /* Assets.xcassets in Resources */ = {isa = PBXBuildFile; fileRef = EA4A354F1EF2BA1600177085 /* Assets.xcassets */; };
		EA4A35531EF2BA1600177085 /* LaunchScreen.storyboard in Resources */ = {isa = PBXBuildFile; fileRef = EA4A35511EF2BA1600177085 /* LaunchScreen.storyboard */; };
/* End PBXBuildFile section */

/* Begin PBXFileReference section */
		EA4A35451EF2BA1600177085 /* WhereIsMyStuff.app */ = {isa = PBXFileReference; explicitFileType = wrapper.application; includeInIndex = 0; path = WhereIsMyStuff.app; sourceTree = BUILT_PRODUCTS_DIR; };
		EA4A35481EF2BA1600177085 /* AppDelegate.swift */ = {isa = PBXFileReference; lastKnownFileType = sourcecode.swift; path = AppDelegate.swift; sourceTree = "<group>"; };
		EA4A354A1EF2BA1600177085 /* ViewController.swift */ = {isa = PBXFileReference; lastKnownFileType = sourcecode.swift; path = ViewController.swift; sourceTree = "<group>"; };
		EA4A354D1EF2BA1600177085 /* Base */ = {isa = PBXFileReference; lastKnownFileType = file.storyboard; name = Base; path = Base.lproj/Main.storyboard; sourceTree = "<group>"; };
		EA4A354F1EF2BA1600177085 /* Assets.xcassets */ = {isa = PBXFileReference; lastKnownFileType = folder.assetcatalog; path = Assets.xcassets; sourceTree = "<group>"; };
		EA4A35521EF2BA1600177085 /* Base */ = {isa = PBXFileReference; lastKnownFileType = file.storyboard; name = Base; path = Base.lproj/LaunchScreen.storyboard; sourceTree = "<group>"; };
		EA4A35541EF2BA1600177085 /* Info.plist */ = {isa = PBXFileReference; lastKnownFileType = text.plist.xml; path = Info.plist; sourceTree = "<group>"; };
/* End PBXFileReference section */

/* Begin PBXFrameworksBuildPhase section */
		EA4A35421EF2BA1600177085 /* Frameworks */ = {
			isa = PBXFrameworksBuildPhase;
			buildActionMask = 2147483647;
			files = (
			);
			runOnlyForDeploymentPostprocessing = 0;
		};
/* End PBXFrameworksBuildPhase section */

/* Begin PBXGroup section */
		EA4A353C1EF2BA1600177085 = {
			isa = PBXGroup;
			children = (
				EA4A35471EF2BA1600177085 /* WhereIsMyStuff */,
				EA4A35461EF2BA1600177085 /* Products */,
			);
			sourceTree = "<group>";
		};
		EA4A35461EF2BA1600177085 /* Products */ = {
			isa = PBXGroup;
			children = (
				EA4A35451EF2BA1600177085 /* WhereIsMyStuff.app */,
			);
			name = Products;
			sourceTree = "<group>";
		};
		EA4A35471EF2BA1600177085 /* WhereIsMyStuff */ = {
			isa = PBXGroup;
			children = (
				EA4A35481EF2BA1600177085 /* AppDelegate.swift */,
				EA4A354A1EF2BA1600177085 /* ViewController.swift */,
				EA4A354C1EF2BA1600177085 /* Main.storyboard */,
				EA4A354F1EF2BA1600177085 /* Assets.xcassets */,
				EA4A35511EF2BA1600177085 /* LaunchScreen.storyboard */,
				EA4A35541EF2BA1600177085 /* Info.plist */,
			);
			path = WhereIsMyStuff;
			sourceTree = "<group>";
		};
/* End PBXGroup section */

/* Begin PBXNativeTarget section */
		EA4A35441EF2BA1600177085 /* WhereIsMyStuff */ = {
			isa = PBXNativeTarget;
			buildConfigurationList = EA4A35571EF2BA1600177085 /* Build configuration list for PBXNativeTarget "WhereIsMyStuff" */;
			buildPhases = (
				EA4A35411EF2BA1600177085 /* Sources */,
				EA4A35421EF2BA1600177085 /* Frameworks */,
				EA4A35431EF2BA1600177085 /* Resources */,
			);
			buildRules = (
			);
			dependencies = (
			);
			name = WhereIsMyStuff;
			productName = WhereIsMyStuff;
			productReference = EA4A35451EF2BA1600177085 /* WhereIsMyStuff.app */;
			productType = "com.apple.product-type.application";
		};
/* End PBXNativeTarget section */

/* Begin PBXProject section */
		EA4A353D1EF2BA1600177085 /* Project object */ = {
			isa = PBXProject;
			attributes = {
				LastSwiftUpdateCheck = 0830;
				LastUpgradeCheck = 0830;
				ORGANIZATIONNAME = Fiveloop;
				TargetAttributes = {
					EA4A35441EF2BA1600177085 = {
						CreatedOnToolsVersion = 8.3.3;
						ProvisioningStyle = Automatic;
					};
				};
			};
			buildConfigurationList = EA4A35401EF2BA1600177085 /* Build configuration list for PBXProject "WhereIsMyStuff" */;
			compatibilityVersion = "Xcode 3.2";
			developmentRegion = English;
			hasScannedForEncodings = 0;
			knownRegions = (
				en,
				Base,
			);
			mainGroup = EA4A353C1EF2BA1600177085;
			productRefGroup = EA4A35461EF2BA1600177085 /* Products */;
			projectDirPath = "";
			projectRoot = "";
			targets = (
				EA4A35441EF2BA1600177085 /* WhereIsMyStuff */,
			);
		};
/* End PBXProject section */

/* Begin PBXResourcesBuildPhase section */
		EA4A35431EF2BA1600177085 /* Resources */ = {
			isa = PBXResourcesBuildPhase;
			buildActionMask = 2147483647;
			files = (
				EA4A35531EF2BA1600177085 /* LaunchScreen.storyboard in Resources */,
				EA4A35501EF2BA1600177085 /* Assets.xcassets in Resources */,
				EA4A354E1EF2BA1600177085 /* Main.storyboard in Resources */,
			);
			runOnlyForDeploymentPostprocessing = 0;
		};
/* End PBXResourcesBuildPhase section */

/* Begin PBXSourcesBuildPhase section */
		EA4A35411EF2BA1600177085 /* Sources */ = {
			isa = PBXSourcesBuildPhase;
			buildActionMask = 2147483647;
			files = (
				EA4A354B1EF2BA1600177085 /* ViewController.swift in Sources */,
				EA4A35491EF2BA1600177085 /* AppDelegate.swift in Sources */,
			);
			runOnlyForDeploymentPostprocessing = 0;
		};
/* End PBXSourcesBuildPhase section */

/* Begin PBXVariantGroup section */
		EA4A354C1EF2BA1600177085 /* Main.storyboard */ = {
			isa = PBXVariantGroup;
			children = (
				EA4A354D1EF2BA1600177085 /* Base */,
			);
			name = Main.storyboard;
			sourceTree = "<group>";
		};
		EA4A35511EF2BA1600177085 /* LaunchScreen.storyboard */ = {
			isa = PBXVariantGroup;
			children = (
				EA4A35521EF2BA1600177085 /* Base */,
			);
			name = LaunchScreen.storyboard;
			sourceTree = "<group>";
		};
/* End PBXVariantGroup section */

/* Begin XCBuildConfiguration section */
		EA4A35551EF2BA1600177085 /* Debug */ = {
			isa = XCBuildConfiguration;
			buildSettings = {
				ALWAYS_SEARCH_USER_PATHS = NO;
				CLANG_ANALYZER_NONNULL = YES;
				CLANG_ANALYZER_NUMBER_OBJECT_CONVERSION = YES_AGGRESSIVE;
				CLANG_CXX_LANGUAGE_STANDARD = "gnu++0x";
				CLANG_CXX_LIBRARY = "libc++";
				CLANG_ENABLE_MODULES = YES;
				CLANG_ENABLE_OBJC_ARC = YES;
				CLANG_WARN_BOOL_CONVERSION = YES;
				CLANG_WARN_CONSTANT_CONVERSION = YES;
				CLANG_WARN_DIRECT_OBJC_ISA_USAGE = YES_ERROR;
				CLANG_WARN_DOCUMENTATION_COMMENTS = YES;
				CLANG_WARN_EMPTY_BODY = YES;
				CLANG_WARN_ENUM_CONVERSION = YES;
				CLANG_WARN_INFINITE_RECURSION = YES;
				CLANG_WARN_INT_CONVERSION = YES;
				CLANG_WARN_OBJC_ROOT_CLASS = YES_ERROR;
				CLANG_WARN_SUSPICIOUS_MOVE = YES;
				CLANG_WARN_UNREACHABLE_CODE = YES;
				CLANG_WARN__DUPLICATE_METHOD_MATCH = YES;
				"CODE_SIGN_IDENTITY[sdk=iphoneos*]" = "iPhone Developer";
				COPY_PHASE_STRIP = NO;
				DEBUG_INFORMATION_FORMAT = dwarf;
				ENABLE_STRICT_OBJC_MSGSEND = YES;
				ENABLE_TESTABILITY = YES;
				GCC_C_LANGUAGE_STANDARD = gnu99;
				GCC_DYNAMIC_NO_PIC = NO;
				GCC_NO_COMMON_BLOCKS = YES;
				GCC_OPTIMIZATION_LEVEL = 0;
				GCC_PREPROCESSOR_DEFINITIONS = (
					"DEBUG=1",
					"$(inherited)",
				);
				GCC_WARN_64_TO_32_BIT_CONVERSION = YES;
				GCC_WARN_ABOUT_RETURN_TYPE = YES_ERROR;
				GCC_WARN_UNDECLARED_SELECTOR = YES;
				GCC_WARN_UNINITIALIZED_AUTOS = YES_AGGRESSIVE;
				GCC_WARN_UNUSED_FUNCTION = YES;
				GCC_WARN_UNUSED_VARIABLE = YES;
				IPHONEOS_DEPLOYMENT_TARGET = 10.3;
				MTL_ENABLE_DEBUG_INFO = YES;
				ONLY_ACTIVE_ARCH = YES;
				SDKROOT = iphoneos;
				SWIFT_ACTIVE_COMPILATION_CONDITIONS = DEBUG;
				SWIFT_OPTIMIZATION_LEVEL = "-Onone";
				TARGETED_DEVICE_FAMILY = "1,2";
			};
			name = Debug;
		};
		EA4A35561EF2BA1600177085 /* Release */ = {
			isa = XCBuildConfiguration;
			buildSettings = {
				ALWAYS_SEARCH_USER_PATHS = NO;
				CLANG_ANALYZER_NONNULL = YES;
				CLANG_ANALYZER_NUMBER_OBJECT_CONVERSION = YES_AGGRESSIVE;
				CLANG_CXX_LANGUAGE_STANDARD = "gnu++0x";
				CLANG_CXX_LIBRARY = "libc++";
				CLANG_ENABLE_MODULES = YES;
				CLANG_ENABLE_OBJC_ARC = YES;
				CLANG_WARN_BOOL_CONVERSION = YES;
				CLANG_WARN_CONSTANT_CONVERSION = YES;
				CLANG_WARN_DIRECT_OBJC_ISA_USAGE = YES_ERROR;
				CLANG_WARN_DOCUMENTATION_COMMENTS = YES;
				CLANG_WARN_EMPTY_BODY = YES;
				CLANG_WARN_ENUM_CONVERSION = YES;
				CLANG_WARN_INFINITE_RECURSION = YES;
				CLANG_WARN_INT_CONVERSION = YES;
				CLANG_WARN_OBJC_ROOT_CLASS = YES_ERROR;
				CLANG_WARN_SUSPICIOUS_MOVE = YES;
				CLANG_WARN_UNREACHABLE_CODE = YES;
				CLANG_WARN__DUPLICATE_METHOD_MATCH = YES;
				"CODE_SIGN_IDENTITY[sdk=iphoneos*]" = "iPhone Developer";
				COPY_PHASE_STRIP = NO;
				DEBUG_INFORMATION_FORMAT = "dwarf-with-dsym";
				ENABLE_NS_ASSERTIONS = NO;
				ENABLE_STRICT_OBJC_MSGSEND = YES;
				GCC_C_LANGUAGE_STANDARD = gnu99;
				GCC_NO_COMMON_BLOCKS = YES;
				GCC_WARN_64_TO_32_BIT_CONVERSION = YES;
				GCC_WARN_ABOUT_RETURN_TYPE = YES_ERROR;
				GCC_WARN_UNDECLARED_SELECTOR = YES;
				GCC_WARN_UNINITIALIZED_AUTOS = YES_AGGRESSIVE;
				GCC_WARN_UNUSED_FUNCTION = YES;
				GCC_WARN_UNUSED_VARIABLE = YES;
				IPHONEOS_DEPLOYMENT_TARGET = 10.3;
				MTL_ENABLE_DEBUG_INFO = NO;
				SDKROOT = iphoneos;
				SWIFT_OPTIMIZATION_LEVEL = "-Owholemodule";
				TARGETED_DEVICE_FAMILY = "1,2";
				VALIDATE_PRODUCT = YES;
			};
			name = Release;
		};
		EA4A35581EF2BA1600177085 /* Debug */ = {
			isa = XCBuildConfiguration;
			buildSettings = {
				ASSETCATALOG_COMPILER_APPICON_NAME = AppIcon;
				INFOPLIST_FILE = WhereIsMyStuff/Info.plist;
				LD_RUNPATH_SEARCH_PATHS = "$(inherited) @executable_path/Frameworks";
				PRODUCT_BUNDLE_IDENTIFIER = cs2340.WhereIsMyStuff;
				PRODUCT_NAME = "$(TARGET_NAME)";
				SWIFT_VERSION = 3.0;
			};
			name = Debug;
		};
		EA4A35591EF2BA1600177085 /* Release */ = {
			isa = XCBuildConfiguration;
			buildSettings = {
				ASSETCATALOG_COMPILER_APPICON_NAME = AppIcon;
				INFOPLIST_FILE = WhereIsMyStuff/Info.plist;
				LD_RUNPATH_SEARCH_PATHS = "$(inherited) @executable_path/Frameworks";
				PRODUCT_BUNDLE_IDENTIFIER = cs2340.WhereIsMyStuff;
				PRODUCT_NAME = "$(TARGET_NAME)";
				SWIFT_VERSION = 3.0;
			};
			name = Release;
		};
/* End XCBuildConfiguration section */

/* Begin XCConfigurationList section */
		EA4A35401EF2BA1600177085 /* Build configuration list for PBXProject "WhereIsMyStuff" */ = {
			isa = XCConfigurationList;
			buildConfigurations = (
				EA4A35551EF2BA1600177085 /* Debug */,
				EA4A35561EF2BA1600177085 /* Release */,
			);
			defaultConfigurationIsVisible = 0;
			defaultConfigurationName = Release;
		};
		EA4A35571EF2BA1600177085 /* Build configuration list for PBXNativeTarget "WhereIsMyStuff" */ = {
			isa = XCConfigurationList;
			buildConfigurations = (
				EA4A35581EF2BA1600177085 /* Debug */,
				EA4A35591EF2BA1600177085 /* Release */,
			);
			defaultConfigurationIsVisible = 0;
		};
/* End XCConfigurationList section */
	};
	rootObject = EA4A353D1EF2BA1600177085 /* Project object */;
}
