// !$*UTF8*$!
{
	archiveVersion = 1;
	classes = {
	};
	objectVersion = 46;
	objects = {

/* Begin PBXBuildFile section */
		A925B515B904F56DED7B574B /* Pods_WhereIsMyStuff.framework in Frameworks */ = {isa = PBXBuildFile; fileRef = B52606322A719B2926B338AA /* Pods_WhereIsMyStuff.framework */; };
		EA0167721F05664B00F45124 /* AlertHelper.swift in Sources */ = {isa = PBXBuildFile; fileRef = EA0167711F05664B00F45124 /* AlertHelper.swift */; };
		EA31DA2D1EFC50EF0050749E /* Assets.xcassets in Resources */ = {isa = PBXBuildFile; fileRef = EA4A354F1EF2BA1600177085 /* Assets.xcassets */; };
		EA3BDBB11EFEC56300C34974 /* LoginViewController.swift in Sources */ = {isa = PBXBuildFile; fileRef = EA3BDBB01EFEC56300C34974 /* LoginViewController.swift */; };
		EA3DC2451F02CDB70060071F /* RegisterViewController.swift in Sources */ = {isa = PBXBuildFile; fileRef = EA3DC2441F02CDB70060071F /* RegisterViewController.swift */; };
		EA4079821F058F0F0015020D /* EnterFoundItemViewController.swift in Sources */ = {isa = PBXBuildFile; fileRef = EA4079811F058F0F0015020D /* EnterFoundItemViewController.swift */; };
		EA4079841F058F230015020D /* EnterLostItemViewController.swift in Sources */ = {isa = PBXBuildFile; fileRef = EA4079831F058F230015020D /* EnterLostItemViewController.swift */; };
		EA4A35491EF2BA1600177085 /* AppDelegate.swift in Sources */ = {isa = PBXBuildFile; fileRef = EA4A35481EF2BA1600177085 /* AppDelegate.swift */; };
		EA4A354B1EF2BA1600177085 /* ViewController.swift in Sources */ = {isa = PBXBuildFile; fileRef = EA4A354A1EF2BA1600177085 /* ViewController.swift */; };
		EA4A354E1EF2BA1600177085 /* Main.storyboard in Resources */ = {isa = PBXBuildFile; fileRef = EA4A354C1EF2BA1600177085 /* Main.storyboard */; };
		EA4A35531EF2BA1600177085 /* LaunchScreen.storyboard in Resources */ = {isa = PBXBuildFile; fileRef = EA4A35511EF2BA1600177085 /* LaunchScreen.storyboard */; };
		EA553B311F1D89FC00DFB079 /* DatabaseHelper.swift in Sources */ = {isa = PBXBuildFile; fileRef = EA553B301F1D89FC00DFB079 /* DatabaseHelper.swift */; };
		EAA273501F1E7713005AE5B5 /* GoogleService-Info.plist in Resources */ = {isa = PBXBuildFile; fileRef = EAA2734F1F1E7713005AE5B5 /* GoogleService-Info.plist */; };
		EAAF619E1F1D66930069EC2D /* UserManager.swift in Sources */ = {isa = PBXBuildFile; fileRef = EAAF619D1F1D66930069EC2D /* UserManager.swift */; };
		EAAF61A01F1D67920069EC2D /* ItemManager.swift in Sources */ = {isa = PBXBuildFile; fileRef = EAAF619F1F1D67920069EC2D /* ItemManager.swift */; };
		EAFA90BC1F15AE4F00675CDE /* WelcomeViewController.swift in Sources */ = {isa = PBXBuildFile; fileRef = EAFA90BB1F15AE4F00675CDE /* WelcomeViewController.swift */; };
		EAFB16AC1EFDD1F8004FFB8D /* Model.swift in Sources */ = {isa = PBXBuildFile; fileRef = EAFB16AB1EFDD1F8004FFB8D /* Model.swift */; };
		F2E947EB1F18523B0063249B /* CoreLocation.framework in Frameworks */ = {isa = PBXBuildFile; fileRef = F2E947EA1F18523B0063249B /* CoreLocation.framework */; };
		F2FCCF271F1E91A100B1CD31 /* ViewFoundItemViewController.swift in Sources */ = {isa = PBXBuildFile; fileRef = F2FCCF261F1E91A100B1CD31 /* ViewFoundItemViewController.swift */; };
		F2FCCF291F1E9B7E00B1CD31 /* ViewLostItemViewController.swift in Sources */ = {isa = PBXBuildFile; fileRef = F2FCCF281F1E9B7E00B1CD31 /* ViewLostItemViewController.swift */; };
/* End PBXBuildFile section */

/* Begin PBXFileReference section */
		05F6E01C35877AC5F8AF9015 /* Pods-WhereIsMyStuff.release.xcconfig */ = {isa = PBXFileReference; includeInIndex = 1; lastKnownFileType = text.xcconfig; name = "Pods-WhereIsMyStuff.release.xcconfig"; path = "Pods/Target Support Files/Pods-WhereIsMyStuff/Pods-WhereIsMyStuff.release.xcconfig"; sourceTree = "<group>"; };
		B52606322A719B2926B338AA /* Pods_WhereIsMyStuff.framework */ = {isa = PBXFileReference; explicitFileType = wrapper.framework; includeInIndex = 0; path = Pods_WhereIsMyStuff.framework; sourceTree = BUILT_PRODUCTS_DIR; };
		D29CD292E6C3DE7F6776439E /* Pods-WhereIsMyStuff.debug.xcconfig */ = {isa = PBXFileReference; includeInIndex = 1; lastKnownFileType = text.xcconfig; name = "Pods-WhereIsMyStuff.debug.xcconfig"; path = "Pods/Target Support Files/Pods-WhereIsMyStuff/Pods-WhereIsMyStuff.debug.xcconfig"; sourceTree = "<group>"; };
		EA0167711F05664B00F45124 /* AlertHelper.swift */ = {isa = PBXFileReference; fileEncoding = 4; lastKnownFileType = sourcecode.swift; name = AlertHelper.swift; path = WhereIsMyStuff/AlertHelper.swift; sourceTree = SOURCE_ROOT; };
		EA3BDBB01EFEC56300C34974 /* LoginViewController.swift */ = {isa = PBXFileReference; fileEncoding = 4; lastKnownFileType = sourcecode.swift; name = LoginViewController.swift; path = WhereIsMyStuff/LoginViewController.swift; sourceTree = SOURCE_ROOT; };
		EA3DC2441F02CDB70060071F /* RegisterViewController.swift */ = {isa = PBXFileReference; fileEncoding = 4; lastKnownFileType = sourcecode.swift; name = RegisterViewController.swift; path = WhereIsMyStuff/RegisterViewController.swift; sourceTree = SOURCE_ROOT; };
		EA4079811F058F0F0015020D /* EnterFoundItemViewController.swift */ = {isa = PBXFileReference; fileEncoding = 4; lastKnownFileType = sourcecode.swift; name = EnterFoundItemViewController.swift; path = WhereIsMyStuff/EnterFoundItemViewController.swift; sourceTree = SOURCE_ROOT; };
		EA4079831F058F230015020D /* EnterLostItemViewController.swift */ = {isa = PBXFileReference; fileEncoding = 4; lastKnownFileType = sourcecode.swift; name = EnterLostItemViewController.swift; path = ../EnterLostItemViewController.swift; sourceTree = "<group>"; };
		EA4A35451EF2BA1600177085 /* WhereIsMyStuff.app */ = {isa = PBXFileReference; explicitFileType = wrapper.application; includeInIndex = 0; path = WhereIsMyStuff.app; sourceTree = BUILT_PRODUCTS_DIR; };
		EA4A35481EF2BA1600177085 /* AppDelegate.swift */ = {isa = PBXFileReference; lastKnownFileType = sourcecode.swift; name = AppDelegate.swift; path = WhereIsMyStuff/AppDelegate.swift; sourceTree = SOURCE_ROOT; };
		EA4A354A1EF2BA1600177085 /* ViewController.swift */ = {isa = PBXFileReference; lastKnownFileType = sourcecode.swift; name = ViewController.swift; path = WhereIsMyStuff/ViewController.swift; sourceTree = SOURCE_ROOT; };
		EA4A354D1EF2BA1600177085 /* Base */ = {isa = PBXFileReference; lastKnownFileType = file.storyboard; name = Base; path = Base.lproj/Main.storyboard; sourceTree = "<group>"; };
		EA4A354F1EF2BA1600177085 /* Assets.xcassets */ = {isa = PBXFileReference; lastKnownFileType = folder.assetcatalog; name = Assets.xcassets; path = WhereIsMyStuff/Assets.xcassets; sourceTree = SOURCE_ROOT; };
		EA4A35521EF2BA1600177085 /* Base */ = {isa = PBXFileReference; lastKnownFileType = file.storyboard; name = Base; path = Base.lproj/LaunchScreen.storyboard; sourceTree = "<group>"; };
		EA4A35541EF2BA1600177085 /* Info.plist */ = {isa = PBXFileReference; lastKnownFileType = text.plist.xml; name = Info.plist; path = WhereIsMyStuff/Info.plist; sourceTree = SOURCE_ROOT; };
		EA553B301F1D89FC00DFB079 /* DatabaseHelper.swift */ = {isa = PBXFileReference; fileEncoding = 4; lastKnownFileType = sourcecode.swift; name = DatabaseHelper.swift; path = WhereIsMyStuff/DatabaseHelper.swift; sourceTree = SOURCE_ROOT; };
		EAA2734F1F1E7713005AE5B5 /* GoogleService-Info.plist */ = {isa = PBXFileReference; fileEncoding = 4; lastKnownFileType = text.plist.xml; name = "GoogleService-Info.plist"; path = "WhereIsMyStuff/GoogleService-Info.plist"; sourceTree = SOURCE_ROOT; };
		EAAF619D1F1D66930069EC2D /* UserManager.swift */ = {isa = PBXFileReference; fileEncoding = 4; lastKnownFileType = sourcecode.swift; name = UserManager.swift; path = WhereIsMyStuff/UserManager.swift; sourceTree = SOURCE_ROOT; };
		EAAF619F1F1D67920069EC2D /* ItemManager.swift */ = {isa = PBXFileReference; fileEncoding = 4; lastKnownFileType = sourcecode.swift; name = ItemManager.swift; path = WhereIsMyStuff/ItemManager.swift; sourceTree = SOURCE_ROOT; };
		EAFA90BB1F15AE4F00675CDE /* WelcomeViewController.swift */ = {isa = PBXFileReference; fileEncoding = 4; lastKnownFileType = sourcecode.swift; name = WelcomeViewController.swift; path = WhereIsMyStuff/WelcomeViewController.swift; sourceTree = SOURCE_ROOT; };
		EAFB16AB1EFDD1F8004FFB8D /* Model.swift */ = {isa = PBXFileReference; fileEncoding = 4; lastKnownFileType = sourcecode.swift; name = Model.swift; path = WhereIsMyStuff/Model.swift; sourceTree = SOURCE_ROOT; };
		F2E947EA1F18523B0063249B /* CoreLocation.framework */ = {isa = PBXFileReference; lastKnownFileType = wrapper.framework; name = CoreLocation.framework; path = System/Library/Frameworks/CoreLocation.framework; sourceTree = SDKROOT; };
		F2FCCF261F1E91A100B1CD31 /* ViewFoundItemViewController.swift */ = {isa = PBXFileReference; fileEncoding = 4; lastKnownFileType = sourcecode.swift; name = ViewFoundItemViewController.swift; path = WhereIsMyStuff/ViewFoundItemViewController.swift; sourceTree = SOURCE_ROOT; };
		F2FCCF281F1E9B7E00B1CD31 /* ViewLostItemViewController.swift */ = {isa = PBXFileReference; fileEncoding = 4; lastKnownFileType = sourcecode.swift; name = ViewLostItemViewController.swift; path = WhereIsMyStuff/ViewLostItemViewController.swift; sourceTree = SOURCE_ROOT; };
/* End PBXFileReference section */

/* Begin PBXFrameworksBuildPhase section */
		EA4A35421EF2BA1600177085 /* Frameworks */ = {
			isa = PBXFrameworksBuildPhase;
			buildActionMask = 2147483647;
			files = (
				F2E947EB1F18523B0063249B /* CoreLocation.framework in Frameworks */,
				A925B515B904F56DED7B574B /* Pods_WhereIsMyStuff.framework in Frameworks */,
			);
			runOnlyForDeploymentPostprocessing = 0;
		};
/* End PBXFrameworksBuildPhase section */

/* Begin PBXGroup section */
		6EB5EF91C206B599AECFD105 /* Pods */ = {
			isa = PBXGroup;
			children = (
				D29CD292E6C3DE7F6776439E /* Pods-WhereIsMyStuff.debug.xcconfig */,
				05F6E01C35877AC5F8AF9015 /* Pods-WhereIsMyStuff.release.xcconfig */,
			);
			name = Pods;
			sourceTree = "<group>";
		};
		9E4156B61F40CB48B231EAEC /* Frameworks */ = {
			isa = PBXGroup;
			children = (
				F2E947EA1F18523B0063249B /* CoreLocation.framework */,
				B52606322A719B2926B338AA /* Pods_WhereIsMyStuff.framework */,
			);
			name = Frameworks;
			sourceTree = "<group>";
		};
		EA200F5E1EF9E8300018F351 /* Model */ = {
			isa = PBXGroup;
			children = (
				EAFB16AB1EFDD1F8004FFB8D /* Model.swift */,
				EAAF619D1F1D66930069EC2D /* UserManager.swift */,
				EAAF619F1F1D67920069EC2D /* ItemManager.swift */,
			);
			path = Model;
			sourceTree = "<group>";
		};
		EA200F5F1EF9E83D0018F351 /* View */ = {
			isa = PBXGroup;
			children = (
				EA4A354C1EF2BA1600177085 /* Main.storyboard */,
				EA4A35511EF2BA1600177085 /* LaunchScreen.storyboard */,
			);
			path = View;
			sourceTree = "<group>";
		};
		EA200F601EF9E8420018F351 /* Controller */ = {
			isa = PBXGroup;
			children = (
				F2FCCF281F1E9B7E00B1CD31 /* ViewLostItemViewController.swift */,
				F2FCCF261F1E91A100B1CD31 /* ViewFoundItemViewController.swift */,
				EA4A35481EF2BA1600177085 /* AppDelegate.swift */,
				EA4A354A1EF2BA1600177085 /* ViewController.swift */,
				EA3BDBB01EFEC56300C34974 /* LoginViewController.swift */,
				EA3DC2441F02CDB70060071F /* RegisterViewController.swift */,
				EAFA90BB1F15AE4F00675CDE /* WelcomeViewController.swift */,
				EA4079831F058F230015020D /* EnterLostItemViewController.swift */,
				EA4079811F058F0F0015020D /* EnterFoundItemViewController.swift */,
			);
			name = Controller;
			path = Base.lproj;
			sourceTree = "<group>";
		};
		EA200F611EF9E84F0018F351 /* Stores */ = {
			isa = PBXGroup;
			children = (
			);
			path = Stores;
			sourceTree = "<group>";
		};
		EA200F621EF9E8530018F351 /* Helpers */ = {
			isa = PBXGroup;
			children = (
				EA553B301F1D89FC00DFB079 /* DatabaseHelper.swift */,
				EA0167711F05664B00F45124 /* AlertHelper.swift */,
				EA4A354F1EF2BA1600177085 /* Assets.xcassets */,
				EA4A35541EF2BA1600177085 /* Info.plist */,
				EAA2734F1F1E7713005AE5B5 /* GoogleService-Info.plist */,
			);
			path = Helpers;
			sourceTree = "<group>";
		};
		EA4A353C1EF2BA1600177085 = {
			isa = PBXGroup;
			children = (
				EA4A35471EF2BA1600177085 /* WhereIsMyStuff */,
				EA4A35461EF2BA1600177085 /* Products */,
				9E4156B61F40CB48B231EAEC /* Frameworks */,
				6EB5EF91C206B599AECFD105 /* Pods */,
			);
			sourceTree = "<group>";
		};
		EA4A35461EF2BA1600177085 /* Products */ = {
			isa = PBXGroup;
			children = (
				EA4A35451EF2BA1600177085 /* WhereIsMyStuff.app */,
			);
			name = Products;
			sourceTree = "<group>";
		};
		EA4A35471EF2BA1600177085 /* WhereIsMyStuff */ = {
			isa = PBXGroup;
			children = (
				EA200F5E1EF9E8300018F351 /* Model */,
				EA200F5F1EF9E83D0018F351 /* View */,
				EA200F601EF9E8420018F351 /* Controller */,
				EA200F611EF9E84F0018F351 /* Stores */,
				EA200F621EF9E8530018F351 /* Helpers */,
			);
			path = WhereIsMyStuff;
			sourceTree = "<group>";
		};
/* End PBXGroup section */

/* Begin PBXNativeTarget section */
		EA4A35441EF2BA1600177085 /* WhereIsMyStuff */ = {
			isa = PBXNativeTarget;
			buildConfigurationList = EA4A35571EF2BA1600177085 /* Build configuration list for PBXNativeTarget "WhereIsMyStuff" */;
			buildPhases = (
				C39E2288E6249606B4641DDC /* [CP] Check Pods Manifest.lock */,
				EA4A35411EF2BA1600177085 /* Sources */,
				EA4A35421EF2BA1600177085 /* Frameworks */,
				EA4A35431EF2BA1600177085 /* Resources */,
				368B5CECB29FD43ACDD77334 /* [CP] Embed Pods Frameworks */,
				4592A1AFF8D4B86EFA73A8B5 /* [CP] Copy Pods Resources */,
			);
			buildRules = (
			);
			dependencies = (
			);
			name = WhereIsMyStuff;
			productName = WhereIsMyStuff;
			productReference = EA4A35451EF2BA1600177085 /* WhereIsMyStuff.app */;
			productType = "com.apple.product-type.application";
		};
/* End PBXNativeTarget section */

/* Begin PBXProject section */
		EA4A353D1EF2BA1600177085 /* Project object */ = {
			isa = PBXProject;
			attributes = {
				LastSwiftUpdateCheck = 0830;
				LastUpgradeCheck = 0830;
				ORGANIZATIONNAME = Fiveloop;
				TargetAttributes = {
					EA4A35441EF2BA1600177085 = {
						CreatedOnToolsVersion = 8.3.3;
						DevelopmentTeam = TFL9V3G43X;
						ProvisioningStyle = Automatic;
					};
				};
			};
			buildConfigurationList = EA4A35401EF2BA1600177085 /* Build configuration list for PBXProject "WhereIsMyStuff" */;
			compatibilityVersion = "Xcode 3.2";
			developmentRegion = English;
			hasScannedForEncodings = 0;
			knownRegions = (
				en,
				Base,
			);
			mainGroup = EA4A353C1EF2BA1600177085;
			productRefGroup = EA4A35461EF2BA1600177085 /* Products */;
			projectDirPath = "";
			projectRoot = "";
			targets = (
				EA4A35441EF2BA1600177085 /* WhereIsMyStuff */,
			);
		};
/* End PBXProject section */

/* Begin PBXResourcesBuildPhase section */
		EA4A35431EF2BA1600177085 /* Resources */ = {
			isa = PBXResourcesBuildPhase;
			buildActionMask = 2147483647;
			files = (
				EA31DA2D1EFC50EF0050749E /* Assets.xcassets in Resources */,
				EAA273501F1E7713005AE5B5 /* GoogleService-Info.plist in Resources */,
				EA4A35531EF2BA1600177085 /* LaunchScreen.storyboard in Resources */,
				EA4A354E1EF2BA1600177085 /* Main.storyboard in Resources */,
			);
			runOnlyForDeploymentPostprocessing = 0;
		};
/* End PBXResourcesBuildPhase section */

/* Begin PBXShellScriptBuildPhase section */
		368B5CECB29FD43ACDD77334 /* [CP] Embed Pods Frameworks */ = {
			isa = PBXShellScriptBuildPhase;
			buildActionMask = 2147483647;
			files = (
			);
			inputPaths = (
			);
			name = "[CP] Embed Pods Frameworks";
			outputPaths = (
			);
			runOnlyForDeploymentPostprocessing = 0;
			shellPath = /bin/sh;
			shellScript = "\"${SRCROOT}/Pods/Target Support Files/Pods-WhereIsMyStuff/Pods-WhereIsMyStuff-frameworks.sh\"\n";
			showEnvVarsInLog = 0;
		};
		4592A1AFF8D4B86EFA73A8B5 /* [CP] Copy Pods Resources */ = {
			isa = PBXShellScriptBuildPhase;
			buildActionMask = 2147483647;
			files = (
			);
			inputPaths = (
			);
			name = "[CP] Copy Pods Resources";
			outputPaths = (
			);
			runOnlyForDeploymentPostprocessing = 0;
			shellPath = /bin/sh;
			shellScript = "\"${SRCROOT}/Pods/Target Support Files/Pods-WhereIsMyStuff/Pods-WhereIsMyStuff-resources.sh\"\n";
			showEnvVarsInLog = 0;
		};
		C39E2288E6249606B4641DDC /* [CP] Check Pods Manifest.lock */ = {
			isa = PBXShellScriptBuildPhase;
			buildActionMask = 2147483647;
			files = (
			);
			inputPaths = (
			);
			name = "[CP] Check Pods Manifest.lock";
			outputPaths = (
			);
			runOnlyForDeploymentPostprocessing = 0;
			shellPath = /bin/sh;
			shellScript = "diff \"${PODS_PODFILE_DIR_PATH}/Podfile.lock\" \"${PODS_ROOT}/Manifest.lock\" > /dev/null\nif [ $? != 0 ] ; then\n    # print error to STDERR\n    echo \"error: The sandbox is not in sync with the Podfile.lock. Run 'pod install' or update your CocoaPods installation.\" >&2\n    exit 1\nfi\n";
			showEnvVarsInLog = 0;
		};
/* End PBXShellScriptBuildPhase section */

/* Begin PBXSourcesBuildPhase section */
		EA4A35411EF2BA1600177085 /* Sources */ = {
			isa = PBXSourcesBuildPhase;
			buildActionMask = 2147483647;
			files = (
				EAFA90BC1F15AE4F00675CDE /* WelcomeViewController.swift in Sources */,
				EA0167721F05664B00F45124 /* AlertHelper.swift in Sources */,
				EA3BDBB11EFEC56300C34974 /* LoginViewController.swift in Sources */,
				EA3DC2451F02CDB70060071F /* RegisterViewController.swift in Sources */,
				EA553B311F1D89FC00DFB079 /* DatabaseHelper.swift in Sources */,
				EAFB16AC1EFDD1F8004FFB8D /* Model.swift in Sources */,
				EA4A354B1EF2BA1600177085 /* ViewController.swift in Sources */,
				EA4079821F058F0F0015020D /* EnterFoundItemViewController.swift in Sources */,
				F2FCCF271F1E91A100B1CD31 /* ViewFoundItemViewController.swift in Sources */,
				EA4079841F058F230015020D /* EnterLostItemViewController.swift in Sources */,
				F2FCCF291F1E9B7E00B1CD31 /* ViewLostItemViewController.swift in Sources */,
				EAAF619E1F1D66930069EC2D /* UserManager.swift in Sources */,
				EAAF61A01F1D67920069EC2D /* ItemManager.swift in Sources */,
				EA4A35491EF2BA1600177085 /* AppDelegate.swift in Sources */,
			);
			runOnlyForDeploymentPostprocessing = 0;
		};
/* End PBXSourcesBuildPhase section */

/* Begin PBXVariantGroup section */
		EA4A354C1EF2BA1600177085 /* Main.storyboard */ = {
			isa = PBXVariantGroup;
			children = (
				EA4A354D1EF2BA1600177085 /* Base */,
			);
			name = Main.storyboard;
			path = WhereIsMyStuff;
			sourceTree = SOURCE_ROOT;
			usesTabs = 0;
		};
		EA4A35511EF2BA1600177085 /* LaunchScreen.storyboard */ = {
			isa = PBXVariantGroup;
			children = (
				EA4A35521EF2BA1600177085 /* Base */,
			);
			name = LaunchScreen.storyboard;
			path = WhereIsMyStuff;
			sourceTree = SOURCE_ROOT;
		};
/* End PBXVariantGroup section */

/* Begin XCBuildConfiguration section */
		EA4A35551EF2BA1600177085 /* Debug */ = {
			isa = XCBuildConfiguration;
			buildSettings = {
				ALWAYS_SEARCH_USER_PATHS = NO;
				CLANG_ANALYZER_NONNULL = YES;
				CLANG_ANALYZER_NUMBER_OBJECT_CONVERSION = YES_AGGRESSIVE;
				CLANG_CXX_LANGUAGE_STANDARD = "gnu++0x";
				CLANG_CXX_LIBRARY = "libc++";
				CLANG_ENABLE_MODULES = YES;
				CLANG_ENABLE_OBJC_ARC = YES;
				CLANG_WARN_BOOL_CONVERSION = YES;
				CLANG_WARN_CONSTANT_CONVERSION = YES;
				CLANG_WARN_DIRECT_OBJC_ISA_USAGE = YES_ERROR;
				CLANG_WARN_DOCUMENTATION_COMMENTS = YES;
				CLANG_WARN_EMPTY_BODY = YES;
				CLANG_WARN_ENUM_CONVERSION = YES;
				CLANG_WARN_INFINITE_RECURSION = YES;
				CLANG_WARN_INT_CONVERSION = YES;
				CLANG_WARN_OBJC_ROOT_CLASS = YES_ERROR;
				CLANG_WARN_SUSPICIOUS_MOVE = YES;
				CLANG_WARN_UNREACHABLE_CODE = YES;
				CLANG_WARN__DUPLICATE_METHOD_MATCH = YES;
				"CODE_SIGN_IDENTITY[sdk=iphoneos*]" = "iPhone Developer";
				COPY_PHASE_STRIP = NO;
				DEBUG_INFORMATION_FORMAT = dwarf;
				ENABLE_STRICT_OBJC_MSGSEND = YES;
				ENABLE_TESTABILITY = YES;
				GCC_C_LANGUAGE_STANDARD = gnu99;
				GCC_DYNAMIC_NO_PIC = NO;
				GCC_NO_COMMON_BLOCKS = YES;
				GCC_OPTIMIZATION_LEVEL = 0;
				GCC_PREPROCESSOR_DEFINITIONS = (
					"DEBUG=1",
					"$(inherited)",
				);
				GCC_WARN_64_TO_32_BIT_CONVERSION = YES;
				GCC_WARN_ABOUT_RETURN_TYPE = YES_ERROR;
				GCC_WARN_UNDECLARED_SELECTOR = YES;
				GCC_WARN_UNINITIALIZED_AUTOS = YES_AGGRESSIVE;
				GCC_WARN_UNUSED_FUNCTION = YES;
				GCC_WARN_UNUSED_VARIABLE = YES;
				IPHONEOS_DEPLOYMENT_TARGET = 10.3;
				MTL_ENABLE_DEBUG_INFO = YES;
				ONLY_ACTIVE_ARCH = YES;
				SDKROOT = iphoneos;
				SWIFT_ACTIVE_COMPILATION_CONDITIONS = DEBUG;
				SWIFT_OPTIMIZATION_LEVEL = "-Onone";
				TARGETED_DEVICE_FAMILY = "1,2";
			};
			name = Debug;
		};
		EA4A35561EF2BA1600177085 /* Release */ = {
			isa = XCBuildConfiguration;
			buildSettings = {
				ALWAYS_SEARCH_USER_PATHS = NO;
				CLANG_ANALYZER_NONNULL = YES;
				CLANG_ANALYZER_NUMBER_OBJECT_CONVERSION = YES_AGGRESSIVE;
				CLANG_CXX_LANGUAGE_STANDARD = "gnu++0x";
				CLANG_CXX_LIBRARY = "libc++";
				CLANG_ENABLE_MODULES = YES;
				CLANG_ENABLE_OBJC_ARC = YES;
				CLANG_WARN_BOOL_CONVERSION = YES;
				CLANG_WARN_CONSTANT_CONVERSION = YES;
				CLANG_WARN_DIRECT_OBJC_ISA_USAGE = YES_ERROR;
				CLANG_WARN_DOCUMENTATION_COMMENTS = YES;
				CLANG_WARN_EMPTY_BODY = YES;
				CLANG_WARN_ENUM_CONVERSION = YES;
				CLANG_WARN_INFINITE_RECURSION = YES;
				CLANG_WARN_INT_CONVERSION = YES;
				CLANG_WARN_OBJC_ROOT_CLASS = YES_ERROR;
				CLANG_WARN_SUSPICIOUS_MOVE = YES;
				CLANG_WARN_UNREACHABLE_CODE = YES;
				CLANG_WARN__DUPLICATE_METHOD_MATCH = YES;
				"CODE_SIGN_IDENTITY[sdk=iphoneos*]" = "iPhone Developer";
				COPY_PHASE_STRIP = NO;
				DEBUG_INFORMATION_FORMAT = "dwarf-with-dsym";
				ENABLE_NS_ASSERTIONS = NO;
				ENABLE_STRICT_OBJC_MSGSEND = YES;
				GCC_C_LANGUAGE_STANDARD = gnu99;
				GCC_NO_COMMON_BLOCKS = YES;
				GCC_WARN_64_TO_32_BIT_CONVERSION = YES;
				GCC_WARN_ABOUT_RETURN_TYPE = YES_ERROR;
				GCC_WARN_UNDECLARED_SELECTOR = YES;
				GCC_WARN_UNINITIALIZED_AUTOS = YES_AGGRESSIVE;
				GCC_WARN_UNUSED_FUNCTION = YES;
				GCC_WARN_UNUSED_VARIABLE = YES;
				IPHONEOS_DEPLOYMENT_TARGET = 10.3;
				MTL_ENABLE_DEBUG_INFO = NO;
				SDKROOT = iphoneos;
				SWIFT_OPTIMIZATION_LEVEL = "-Owholemodule";
				TARGETED_DEVICE_FAMILY = "1,2";
				VALIDATE_PRODUCT = YES;
			};
			name = Release;
		};
		EA4A35581EF2BA1600177085 /* Debug */ = {
			isa = XCBuildConfiguration;
			baseConfigurationReference = D29CD292E6C3DE7F6776439E /* Pods-WhereIsMyStuff.debug.xcconfig */;
			buildSettings = {
				DEVELOPMENT_TEAM = TFL9V3G43X;
				INFOPLIST_FILE = WhereIsMyStuff/Info.plist;
				LD_RUNPATH_SEARCH_PATHS = "$(inherited) @executable_path/Frameworks";
				PRODUCT_BUNDLE_IDENTIFIER = cs2340.WhereIsMyStuff;
				PRODUCT_NAME = "$(TARGET_NAME)";
				SWIFT_OPTIMIZATION_LEVEL = "-Onone";
				SWIFT_VERSION = 3.0;
			};
			name = Debug;
		};
		EA4A35591EF2BA1600177085 /* Release */ = {
			isa = XCBuildConfiguration;
			baseConfigurationReference = 05F6E01C35877AC5F8AF9015 /* Pods-WhereIsMyStuff.release.xcconfig */;
			buildSettings = {
				DEVELOPMENT_TEAM = TFL9V3G43X;
				INFOPLIST_FILE = WhereIsMyStuff/Info.plist;
				LD_RUNPATH_SEARCH_PATHS = "$(inherited) @executable_path/Frameworks";
				PRODUCT_BUNDLE_IDENTIFIER = cs2340.WhereIsMyStuff;
				PRODUCT_NAME = "$(TARGET_NAME)";
				SWIFT_OPTIMIZATION_LEVEL = "-Onone";
				SWIFT_VERSION = 3.0;
			};
			name = Release;
		};
/* End XCBuildConfiguration section */

/* Begin XCConfigurationList section */
		EA4A35401EF2BA1600177085 /* Build configuration list for PBXProject "WhereIsMyStuff" */ = {
			isa = XCConfigurationList;
			buildConfigurations = (
				EA4A35551EF2BA1600177085 /* Debug */,
				EA4A35561EF2BA1600177085 /* Release */,
			);
			defaultConfigurationIsVisible = 0;
			defaultConfigurationName = Release;
		};
		EA4A35571EF2BA1600177085 /* Build configuration list for PBXNativeTarget "WhereIsMyStuff" */ = {
			isa = XCConfigurationList;
			buildConfigurations = (
				EA4A35581EF2BA1600177085 /* Debug */,
				EA4A35591EF2BA1600177085 /* Release */,
			);
			defaultConfigurationIsVisible = 0;
			defaultConfigurationName = Release;
		};
/* End XCConfigurationList section */
	};
	rootObject = EA4A353D1EF2BA1600177085 /* Project object */;
}
